
Microsoft Visual Studio Solution File, Format Version 12.00
# Visual Studio Version 16
VisualStudioVersion = 16.0.31321.278
MinimumVisualStudioVersion = 10.0.40219.1
Project("{FAE04EC0-301F-11D3-BF4B-00C04F79EFBC}") = "PM2E1201710010621.Android", "PM2E1201710010621\PM2E1201710010621.Android\PM2E1201710010621.Android.csproj", "{BEE5A0CB-6D28-4E45-BC47-4E3782A4E762}"
EndProject
Project("{FAE04EC0-301F-11D3-BF4B-00C04F79EFBC}") = "PM2E1201710010621", "PM2E1201710010621\PM2E1201710010621\PM2E1201710010621.csproj", "{2759AC71-E419-4D68-8ED3-432F956764AD}"
EndProject
Global
	GlobalSection(SolutionConfigurationPlatforms) = preSolution
		Debug|Any CPU = Debug|Any CPU
		Release|Any CPU = Release|Any CPU
	EndGlobalSection
	GlobalSection(ProjectConfigurationPlatforms) = postSolution
		{BEE5A0CB-6D28-4E45-BC47-4E3782A4E762}.Debug|Any CPU.ActiveCfg = Debug|Any CPU
		{BEE5A0CB-6D28-4E45-BC47-4E3782A4E762}.Debug|Any CPU.Build.0 = Debug|Any CPU
		{BEE5A0CB-6D28-4E45-BC47-4E3782A4E762}.Debug|Any CPU.Deploy.0 = Debug|Any CPU
		{BEE5A0CB-6D28-4E45-BC47-4E3782A4E762}.Release|Any CPU.ActiveCfg = Release|Any CPU
		{BEE5A0CB-6D28-4E45-BC47-4E3782A4E762}.Release|Any CPU.Build.0 = Release|Any CPU
		{BEE5A0CB-6D28-4E45-BC47-4E3782A4E762}.Release|Any CPU.Deploy.0 = Release|Any CPU
		{2759AC71-E419-4D68-8ED3-432F956764AD}.Debug|Any CPU.ActiveCfg = Debug|Any CPU
		{2759AC71-E419-4D68-8ED3-432F956764AD}.Debug|Any CPU.Build.0 = Debug|Any CPU
		{2759AC71-E419-4D68-8ED3-432F956764AD}.Debug|Any CPU.Deploy.0 = Debug|Any CPU
		{2759AC71-E419-4D68-8ED3-432F956764AD}.Release|Any CPU.ActiveCfg = Release|Any CPU
		{2759AC71-E419-4D68-8ED3-432F956764AD}.Release|Any CPU.Build.0 = Release|Any CPU
		{2759AC71-E419-4D68-8ED3-432F956764AD}.Release|Any CPU.Deploy.0 = Release|Any CPU
	EndGlobalSection
	GlobalSection(SolutionProperties) = preSolution
		HideSolutionNode = FALSE
	EndGlobalSection
	GlobalSection(ExtensibilityGlobals) = postSolution
		SolutionGuid = {3D800287-A736-4BCD-9045-00B9FB6FEF9C}
	EndGlobalSection
EndGlobal
